{
  "name": "@simulator/open-design-artifact-policy",
  "version": "0.1.0",
  "lockfileVersion": 3,
  "requires": true,
  "packages": {
    "": {
      "name": "@simulator/open-design-artifact-policy",
      "version": "0.1.0",
      "dependencies": {
        "unicode-case-folding": "1.1.1",
        "yaml": "2.9.0"
      },
      "engines": {
        "node": ">=20"
      }
    },
    "node_modules/unicode-case-folding": {
      "version": "1.1.1",
      "resolved": "https://registry.npmjs.org/unicode-case-folding/-/unicode-case-folding-1.1.1.tgz",
      "integrity": "sha512-ZAYziAnMTBisO2dT5tyGvBFMNsIfonOS/BZTd3UZaKWtXMOZqK8s8HRUCrlKxGCTeCxCuCjS/6HW+4a6G+rbzw==",
      "license": "MIT"
    },
    "node_modules/yaml": {
      "version": "2.9.0",
      "resolved": "https://registry.npmjs.org/yaml/-/yaml-2.9.0.tgz",
      "integrity": "sha512-2AvhNX3mb8zd6Zy7INTtSpl1F15HW6Wnqj0srWlkKLcpYl/gMIMJiyuGq2KeI2YFxUPjdlB+3Lc10seMLtL4cA==",
      "license": "ISC",
      "bin": {
        "yaml": "bin.mjs"
      },
      "engines": {
        "node": ">= 14.6"
      },
      "funding": {
        "url": "https://github.com/sponsors/eemeli"
      }
    }
  }
}
