{
  "name": "@simulator/open-design-artifact-policy",
  "version": "0.1.0",
  "lockfileVersion": 3,
  "requires": true,
  "packages": {
    "": {
      "name": "@simulator/open-design-artifact-policy",
      "version": "0.1.0",
      "dependencies": {
        "unicode-case-folding": "1.1.1"
      },
      "engines": {
        "node": ">=20"
      }
    },
    "node_modules/unicode-case-folding": {
      "version": "1.1.1",
      "resolved": "https://registry.npmjs.org/unicode-case-folding/-/unicode-case-folding-1.1.1.tgz",
      "integrity": "sha512-ZAYziAnMTBisO2dT5tyGvBFMNsIfonOS/BZTd3UZaKWtXMOZqK8s8HRUCrlKxGCTeCxCuCjS/6HW+4a6G+rbzw==",
      "license": "MIT"
    }
  }
}
